// !$*UTF8*$!
{
	archiveVersion = 1;
	classes = {
	};
	objectVersion = 50;
	objects = {

/* Begin PBXBuildFile section */
		492841CC26F69BC1001482D4 /* DrawingApp.swift in Sources */ = {isa = PBXBuildFile; fileRef = 492841CB26F69BC1001482D4 /* DrawingApp.swift */; };
		492841CE26F69BC1001482D4 /* ContentView.swift in Sources */ = {isa = PBXBuildFile; fileRef = 492841CD26F69BC1001482D4 /* ContentView.swift */; };
		492841D026F69BC3001482D4 /* Assets.xcassets in Resources */ = {isa = PBXBuildFile; fileRef = 492841CF26F69BC3001482D4 /* Assets.xcassets */; };
		492841D326F69BC3001482D4 /* Preview Assets.xcassets in Resources */ = {isa = PBXBuildFile; fileRef = 492841D226F69BC3001482D4 /* Preview Assets.xcassets */; };
		492841DE26F69BC4001482D4 /* DrawingTests.swift in Sources */ = {isa = PBXBuildFile; fileRef = 492841DD26F69BC4001482D4 /* DrawingTests.swift */; };
		492841E926F69BC4001482D4 /* DrawingUITests.swift in Sources */ = {isa = PBXBuildFile; fileRef = 492841E826F69BC4001482D4 /* DrawingUITests.swift */; };
		49FA6CC6270241C70060CD74 /* ContentView.swift in Sources */ = {isa = PBXBuildFile; fileRef = 49FA6CC5270241C70060CD74 /* ContentView.swift */; };
		49FA6CC7270241C70060CD74 /* ContentView.swift in Sources */ = {isa = PBXBuildFile; fileRef = 49FA6CC5270241C70060CD74 /* ContentView.swift */; };
		49FA6CC8270241C70060CD74 /* ContentView.swift in Sources */ = {isa = PBXBuildFile; fileRef = 49FA6CC5270241C70060CD74 /* ContentView.swift */; };
/* End PBXBuildFile section */

/* Begin PBXContainerItemProxy section */
		492841DA26F69BC4001482D4 /* PBXContainerItemProxy */ = {
			isa = PBXContainerItemProxy;
			containerPortal = 492841C026F69BC1001482D4 /* Project object */;
			proxyType = 1;
			remoteGlobalIDString = 492841C726F69BC1001482D4;
			remoteInfo = Drawing;
		};
		492841E526F69BC4001482D4 /* PBXContainerItemProxy */ = {
			isa = PBXContainerItemProxy;
			containerPortal = 492841C026F69BC1001482D4 /* Project object */;
			proxyType = 1;
			remoteGlobalIDString = 492841C726F69BC1001482D4;
			remoteInfo = Drawing;
		};
/* End PBXContainerItemProxy section */

/* Begin PBXFileReference section */
		492841C826F69BC1001482D4 /* Drawing.app */ = {isa = PBXFileReference; explicitFileType = wrapper.application; includeInIndex = 0; path = Drawing.app; sourceTree = BUILT_PRODUCTS_DIR; };
		492841CB26F69BC1001482D4 /* DrawingApp.swift */ = {isa = PBXFileReference; lastKnownFileType = sourcecode.swift; path = DrawingApp.swift; sourceTree = "<group>"; };
		492841CD26F69BC1001482D4 /* ContentView.swift */ = {isa = PBXFileReference; lastKnownFileType = sourcecode.swift; path = ContentView.swift; sourceTree = "<group>"; };
		492841CF26F69BC3001482D4 /* Assets.xcassets */ = {isa = PBXFileReference; lastKnownFileType = folder.assetcatalog; path = Assets.xcassets; sourceTree = "<group>"; };
		492841D226F69BC3001482D4 /* Preview Assets.xcassets */ = {isa = PBXFileReference; lastKnownFileType = folder.assetcatalog; path = "Preview Assets.xcassets"; sourceTree = "<group>"; };
		492841D426F69BC3001482D4 /* Info.plist */ = {isa = PBXFileReference; lastKnownFileType = text.plist.xml; path = Info.plist; sourceTree = "<group>"; };
		492841D926F69BC4001482D4 /* DrawingTests.xctest */ = {isa = PBXFileReference; explicitFileType = wrapper.cfbundle; includeInIndex = 0; path = DrawingTests.xctest; sourceTree = BUILT_PRODUCTS_DIR; };
		492841DD26F69BC4001482D4 /* DrawingTests.swift */ = {isa = PBXFileReference; lastKnownFileType = sourcecode.swift; path = DrawingTests.swift; sourceTree = "<group>"; };
		492841DF26F69BC4001482D4 /* Info.plist */ = {isa = PBXFileReference; lastKnownFileType = text.plist.xml; path = Info.plist; sourceTree = "<group>"; };
		492841E426F69BC4001482D4 /* DrawingUITests.xctest */ = {isa = PBXFileReference; explicitFileType = wrapper.cfbundle; includeInIndex = 0; path = DrawingUITests.xctest; sourceTree = BUILT_PRODUCTS_DIR; };
		492841E826F69BC4001482D4 /* DrawingUITests.swift */ = {isa = PBXFileReference; lastKnownFileType = sourcecode.swift; path = DrawingUITests.swift; sourceTree = "<group>"; };
		492841EA26F69BC4001482D4 /* Info.plist */ = {isa = PBXFileReference; lastKnownFileType = text.plist.xml; path = Info.plist; sourceTree = "<group>"; };
		49FA6CC5270241C70060CD74 /* ContentView.swift */ = {isa = PBXFileReference; fileEncoding = 4; lastKnownFileType = sourcecode.swift; name = ContentView.swift; path = ../../iOS/ContentView.swift; sourceTree = "<group>"; };
/* End PBXFileReference section */

/* Begin PBXFrameworksBuildPhase section */
		492841C526F69BC1001482D4 /* Frameworks */ = {
			isa = PBXFrameworksBuildPhase;
			buildActionMask = 2147483647;
			files = (
			);
			runOnlyForDeploymentPostprocessing = 0;
		};
		492841D626F69BC4001482D4 /* Frameworks */ = {
			isa = PBXFrameworksBuildPhase;
			buildActionMask = 2147483647;
			files = (
			);
			runOnlyForDeploymentPostprocessing = 0;
		};
		492841E126F69BC4001482D4 /* Frameworks */ = {
			isa = PBXFrameworksBuildPhase;
			buildActionMask = 2147483647;
			files = (
			);
			runOnlyForDeploymentPostprocessing = 0;
		};
/* End PBXFrameworksBuildPhase section */

/* Begin PBXGroup section */
		492841BF26F69BC1001482D4 = {
			isa = PBXGroup;
			children = (
				49FA6CC5270241C70060CD74 /* ContentView.swift */,
				492841CA26F69BC1001482D4 /* Drawing */,
				492841DC26F69BC4001482D4 /* DrawingTests */,
				492841E726F69BC4001482D4 /* DrawingUITests */,
				492841C926F69BC1001482D4 /* Products */,
			);
			sourceTree = "<group>";
		};
		492841C926F69BC1001482D4 /* Products */ = {
			isa = PBXGroup;
			children = (
				492841C826F69BC1001482D4 /* Drawing.app */,
				492841D926F69BC4001482D4 /* DrawingTests.xctest */,
				492841E426F69BC4001482D4 /* DrawingUITests.xctest */,
			);
			name = Products;
			sourceTree = "<group>";
		};
		492841CA26F69BC1001482D4 /* Drawing */ = {
			isa = PBXGroup;
			children = (
				492841CB26F69BC1001482D4 /* DrawingApp.swift */,
				492841CD26F69BC1001482D4 /* ContentView.swift */,
				492841CF26F69BC3001482D4 /* Assets.xcassets */,
				492841D426F69BC3001482D4 /* Info.plist */,
				492841D126F69BC3001482D4 /* Preview Content */,
			);
			path = Drawing;
			sourceTree = "<group>";
		};
		492841D126F69BC3001482D4 /* Preview Content */ = {
			isa = PBXGroup;
			children = (
				492841D226F69BC3001482D4 /* Preview Assets.xcassets */,
			);
			path = "Preview Content";
			sourceTree = "<group>";
		};
		492841DC26F69BC4001482D4 /* DrawingTests */ = {
			isa = PBXGroup;
			children = (
				492841DD26F69BC4001482D4 /* DrawingTests.swift */,
				492841DF26F69BC4001482D4 /* Info.plist */,
			);
			path = DrawingTests;
			sourceTree = "<group>";
		};
		492841E726F69BC4001482D4 /* DrawingUITests */ = {
			isa = PBXGroup;
			children = (
				492841E826F69BC4001482D4 /* DrawingUITests.swift */,
				492841EA26F69BC4001482D4 /* Info.plist */,
			);
			path = DrawingUITests;
			sourceTree = "<group>";
		};
/* End PBXGroup section */

/* Begin PBXNativeTarget section */
		492841C726F69BC1001482D4 /* Drawing */ = {
			isa = PBXNativeTarget;
			buildConfigurationList = 492841ED26F69BC4001482D4 /* Build configuration list for PBXNativeTarget "Drawing" */;
			buildPhases = (
				492841C426F69BC1001482D4 /* Sources */,
				492841C526F69BC1001482D4 /* Frameworks */,
				492841C626F69BC1001482D4 /* Resources */,
			);
			buildRules = (
			);
			dependencies = (
			);
			name = Drawing;
			productName = Drawing;
			productReference = 492841C826F69BC1001482D4 /* Drawing.app */;
			productType = "com.apple.product-type.application";
		};
		492841D826F69BC4001482D4 /* DrawingTests */ = {
			isa = PBXNativeTarget;
			buildConfigurationList = 492841F026F69BC4001482D4 /* Build configuration list for PBXNativeTarget "DrawingTests" */;
			buildPhases = (
				492841D526F69BC4001482D4 /* Sources */,
				492841D626F69BC4001482D4 /* Frameworks */,
				492841D726F69BC4001482D4 /* Resources */,
			);
			buildRules = (
			);
			dependencies = (
				492841DB26F69BC4001482D4 /* PBXTargetDependency */,
			);
			name = DrawingTests;
			productName = DrawingTests;
			productReference = 492841D926F69BC4001482D4 /* DrawingTests.xctest */;
			productType = "com.apple.product-type.bundle.unit-test";
		};
		492841E326F69BC4001482D4 /* DrawingUITests */ = {
			isa = PBXNativeTarget;
			buildConfigurationList = 492841F326F69BC4001482D4 /* Build configuration list for PBXNativeTarget "DrawingUITests" */;
			buildPhases = (
				492841E026F69BC4001482D4 /* Sources */,
				492841E126F69BC4001482D4 /* Frameworks */,
				492841E226F69BC4001482D4 /* Resources */,
			);
			buildRules = (
			);
			dependencies = (
				492841E626F69BC4001482D4 /* PBXTargetDependency */,
			);
			name = DrawingUITests;
			productName = DrawingUITests;
			productReference = 492841E426F69BC4001482D4 /* DrawingUITests.xctest */;
			productType = "com.apple.product-type.bundle.ui-testing";
		};
/* End PBXNativeTarget section */

/* Begin PBXProject section */
		492841C026F69BC1001482D4 /* Project object */ = {
			isa = PBXProject;
			attributes = {
				LastSwiftUpdateCheck = 1250;
				LastUpgradeCheck = 1250;
				TargetAttributes = {
					492841C726F69BC1001482D4 = {
						CreatedOnToolsVersion = 12.5.1;
					};
					492841D826F69BC4001482D4 = {
						CreatedOnToolsVersion = 12.5.1;
						TestTargetID = 492841C726F69BC1001482D4;
					};
					492841E326F69BC4001482D4 = {
						CreatedOnToolsVersion = 12.5.1;
						TestTargetID = 492841C726F69BC1001482D4;
					};
				};
			};
			buildConfigurationList = 492841C326F69BC1001482D4 /* Build configuration list for PBXProject "Drawing" */;
			compatibilityVersion = "Xcode 9.3";
			developmentRegion = en;
			hasScannedForEncodings = 0;
			knownRegions = (
				en,
				Base,
			);
			mainGroup = 492841BF26F69BC1001482D4;
			productRefGroup = 492841C926F69BC1001482D4 /* Products */;
			projectDirPath = "";
			projectRoot = "";
			targets = (
				492841C726F69BC1001482D4 /* Drawing */,
				492841D826F69BC4001482D4 /* DrawingTests */,
				492841E326F69BC4001482D4 /* DrawingUITests */,
			);
		};
/* End PBXProject section */

/* Begin PBXResourcesBuildPhase section */
		492841C626F69BC1001482D4 /* Resources */ = {
			isa = PBXResourcesBuildPhase;
			buildActionMask = 2147483647;
			files = (
				492841D326F69BC3001482D4 /* Preview Assets.xcassets in Resources */,
				492841D026F69BC3001482D4 /* Assets.xcassets in Resources */,
			);
			runOnlyForDeploymentPostprocessing = 0;
		};
		492841D726F69BC4001482D4 /* Resources */ = {
			isa = PBXResourcesBuildPhase;
			buildActionMask = 2147483647;
			files = (
			);
			runOnlyForDeploymentPostprocessing = 0;
		};
		492841E226F69BC4001482D4 /* Resources */ = {
			isa = PBXResourcesBuildPhase;
			buildActionMask = 2147483647;
			files = (
			);
			runOnlyForDeploymentPostprocessing = 0;
		};
/* End PBXResourcesBuildPhase section */

/* Begin PBXSourcesBuildPhase section */
		492841C426F69BC1001482D4 /* Sources */ = {
			isa = PBXSourcesBuildPhase;
			buildActionMask = 2147483647;
			files = (
				492841CE26F69BC1001482D4 /* ContentView.swift in Sources */,
				492841CC26F69BC1001482D4 /* DrawingApp.swift in Sources */,
				49FA6CC6270241C70060CD74 /* ContentView.swift in Sources */,
			);
			runOnlyForDeploymentPostprocessing = 0;
		};
		492841D526F69BC4001482D4 /* Sources */ = {
			isa = PBXSourcesBuildPhase;
			buildActionMask = 2147483647;
			files = (
				49FA6CC7270241C70060CD74 /* ContentView.swift in Sources */,
				492841DE26F69BC4001482D4 /* DrawingTests.swift in Sources */,
			);
			runOnlyForDeploymentPostprocessing = 0;
		};
		492841E026F69BC4001482D4 /* Sources */ = {
			isa = PBXSourcesBuildPhase;
			buildActionMask = 2147483647;
			files = (
				49FA6CC8270241C70060CD74 /* ContentView.swift in Sources */,
				492841E926F69BC4001482D4 /* DrawingUITests.swift in Sources */,
			);
			runOnlyForDeploymentPostprocessing = 0;
		};
/* End PBXSourcesBuildPhase section */

/* Begin PBXTargetDependency section */
		492841DB26F69BC4001482D4 /* PBXTargetDependency */ = {
			isa = PBXTargetDependency;
			target = 492841C726F69BC1001482D4 /* Drawing */;
			targetProxy = 492841DA26F69BC4001482D4 /* PBXContainerItemProxy */;
		};
		492841E626F69BC4001482D4 /* PBXTargetDependency */ = {
			isa = PBXTargetDependency;
			target = 492841C726F69BC1001482D4 /* Drawing */;
			targetProxy = 492841E526F69BC4001482D4 /* PBXContainerItemProxy */;
		};
/* End PBXTargetDependency section */

/* Begin XCBuildConfiguration section */
		492841EB26F69BC4001482D4 /* Debug */ = {
			isa = XCBuildConfiguration;
			buildSettings = {
				ALWAYS_SEARCH_USER_PATHS = NO;
				CLANG_ANALYZER_NONNULL = YES;
				CLANG_ANALYZER_NUMBER_OBJECT_CONVERSION = YES_AGGRESSIVE;
				CLANG_CXX_LANGUAGE_STANDARD = "gnu++14";
				CLANG_CXX_LIBRARY = "libc++";
				CLANG_ENABLE_MODULES = YES;
				CLANG_ENABLE_OBJC_ARC = YES;
				CLANG_ENABLE_OBJC_WEAK = YES;
				CLANG_WARN_BLOCK_CAPTURE_AUTORELEASING = YES;
				CLANG_WARN_BOOL_CONVERSION = YES;
				CLANG_WARN_COMMA = YES;
				CLANG_WARN_CONSTANT_CONVERSION = YES;
				CLANG_WARN_DEPRECATED_OBJC_IMPLEMENTATIONS = YES;
				CLANG_WARN_DIRECT_OBJC_ISA_USAGE = YES_ERROR;
				CLANG_WARN_DOCUMENTATION_COMMENTS = YES;
				CLANG_WARN_EMPTY_BODY = YES;
				CLANG_WARN_ENUM_CONVERSION = YES;
				CLANG_WARN_INFINITE_RECURSION = YES;
				CLANG_WARN_INT_CONVERSION = YES;
				CLANG_WARN_NON_LITERAL_NULL_CONVERSION = YES;
				CLANG_WARN_OBJC_IMPLICIT_RETAIN_SELF = YES;
				CLANG_WARN_OBJC_LITERAL_CONVERSION = YES;
				CLANG_WARN_OBJC_ROOT_CLASS = YES_ERROR;
				CLANG_WARN_QUOTED_INCLUDE_IN_FRAMEWORK_HEADER = YES;
				CLANG_WARN_RANGE_LOOP_ANALYSIS = YES;
				CLANG_WARN_STRICT_PROTOTYPES = YES;
				CLANG_WARN_SUSPICIOUS_MOVE = YES;
				CLANG_WARN_UNGUARDED_AVAILABILITY = YES_AGGRESSIVE;
				CLANG_WARN_UNREACHABLE_CODE = YES;
				CLANG_WARN__DUPLICATE_METHOD_MATCH = YES;
				COPY_PHASE_STRIP = NO;
				DEBUG_INFORMATION_FORMAT = dwarf;
				ENABLE_STRICT_OBJC_MSGSEND = YES;
				ENABLE_TESTABILITY = YES;
				GCC_C_LANGUAGE_STANDARD = gnu11;
				GCC_DYNAMIC_NO_PIC = NO;
				GCC_NO_COMMON_BLOCKS = YES;
				GCC_OPTIMIZATION_LEVEL = 0;
				GCC_PREPROCESSOR_DEFINITIONS = (
					"DEBUG=1",
					"$(inherited)",
				);
				GCC_WARN_64_TO_32_BIT_CONVERSION = YES;
				GCC_WARN_ABOUT_RETURN_TYPE = YES_ERROR;
				GCC_WARN_UNDECLARED_SELECTOR = YES;
				GCC_WARN_UNINITIALIZED_AUTOS = YES_AGGRESSIVE;
				GCC_WARN_UNUSED_FUNCTION = YES;
				GCC_WARN_UNUSED_VARIABLE = YES;
				IPHONEOS_DEPLOYMENT_TARGET = 14.5;
				MTL_ENABLE_DEBUG_INFO = INCLUDE_SOURCE;
				MTL_FAST_MATH = YES;
				ONLY_ACTIVE_ARCH = YES;
				SDKROOT = iphoneos;
				SWIFT_ACTIVE_COMPILATION_CONDITIONS = DEBUG;
				SWIFT_OPTIMIZATION_LEVEL = "-Onone";
			};
			name = Debug;
		};
		492841EC26F69BC4001482D4 /* Release */ = {
			isa = XCBuildConfiguration;
			buildSettings = {
				ALWAYS_SEARCH_USER_PATHS = NO;
				CLANG_ANALYZER_NONNULL = YES;
				CLANG_ANALYZER_NUMBER_OBJECT_CONVERSION = YES_AGGRESSIVE;
				CLANG_CXX_LANGUAGE_STANDARD = "gnu++14";
				CLANG_CXX_LIBRARY = "libc++";
				CLANG_ENABLE_MODULES = YES;
				CLANG_ENABLE_OBJC_ARC = YES;
				CLANG_ENABLE_OBJC_WEAK = YES;
				CLANG_WARN_BLOCK_CAPTURE_AUTORELEASING = YES;
				CLANG_WARN_BOOL_CONVERSION = YES;
				CLANG_WARN_COMMA = YES;
				CLANG_WARN_CONSTANT_CONVERSION = YES;
				CLANG_WARN_DEPRECATED_OBJC_IMPLEMENTATIONS = YES;
				CLANG_WARN_DIRECT_OBJC_ISA_USAGE = YES_ERROR;
				CLANG_WARN_DOCUMENTATION_COMMENTS = YES;
				CLANG_WARN_EMPTY_BODY = YES;
				CLANG_WARN_ENUM_CONVERSION = YES;
				CLANG_WARN_INFINITE_RECURSION = YES;
				CLANG_WARN_INT_CONVERSION = YES;
				CLANG_WARN_NON_LITERAL_NULL_CONVERSION = YES;
				CLANG_WARN_OBJC_IMPLICIT_RETAIN_SELF = YES;
				CLANG_WARN_OBJC_LITERAL_CONVERSION = YES;
				CLANG_WARN_OBJC_ROOT_CLASS = YES_ERROR;
				CLANG_WARN_QUOTED_INCLUDE_IN_FRAMEWORK_HEADER = YES;
				CLANG_WARN_RANGE_LOOP_ANALYSIS = YES;
				CLANG_WARN_STRICT_PROTOTYPES = YES;
				CLANG_WARN_SUSPICIOUS_MOVE = YES;
				CLANG_WARN_UNGUARDED_AVAILABILITY = YES_AGGRESSIVE;
				CLANG_WARN_UNREACHABLE_CODE = YES;
				CLANG_WARN__DUPLICATE_METHOD_MATCH = YES;
				COPY_PHASE_STRIP = NO;
				DEBUG_INFORMATION_FORMAT = "dwarf-with-dsym";
				ENABLE_NS_ASSERTIONS = NO;
				ENABLE_STRICT_OBJC_MSGSEND = YES;
				GCC_C_LANGUAGE_STANDARD = gnu11;
				GCC_NO_COMMON_BLOCKS = YES;
				GCC_WARN_64_TO_32_BIT_CONVERSION = YES;
				GCC_WARN_ABOUT_RETURN_TYPE = YES_ERROR;
				GCC_WARN_UNDECLARED_SELECTOR = YES;
				GCC_WARN_UNINITIALIZED_AUTOS = YES_AGGRESSIVE;
				GCC_WARN_UNUSED_FUNCTION = YES;
				GCC_WARN_UNUSED_VARIABLE = YES;
				IPHONEOS_DEPLOYMENT_TARGET = 14.5;
				MTL_ENABLE_DEBUG_INFO = NO;
				MTL_FAST_MATH = YES;
				SDKROOT = iphoneos;
				SWIFT_COMPILATION_MODE = wholemodule;
				SWIFT_OPTIMIZATION_LEVEL = "-O";
				VALIDATE_PRODUCT = YES;
			};
			name = Release;
		};
		492841EE26F69BC4001482D4 /* Debug */ = {
			isa = XCBuildConfiguration;
			buildSettings = {
				ASSETCATALOG_COMPILER_APPICON_NAME = AppIcon;
				ASSETCATALOG_COMPILER_GLOBAL_ACCENT_COLOR_NAME = AccentColor;
				CODE_SIGN_STYLE = Automatic;
				DEVELOPMENT_ASSET_PATHS = "\"Drawing/Preview Content\"";
				DEVELOPMENT_TEAM = B93L9ZRH53;
				ENABLE_PREVIEWS = YES;
				INFOPLIST_FILE = Drawing/Info.plist;
				IPHONEOS_DEPLOYMENT_TARGET = 14.0;
				LD_RUNPATH_SEARCH_PATHS = (
					"$(inherited)",
					"@executable_path/Frameworks",
				);
				PRODUCT_BUNDLE_IDENTIFIER = marcgrossman.Drawing;
				PRODUCT_NAME = "$(TARGET_NAME)";
				SWIFT_VERSION = 5.0;
				TARGETED_DEVICE_FAMILY = "1,2";
			};
			name = Debug;
		};
		492841EF26F69BC4001482D4 /* Release */ = {
			isa = XCBuildConfiguration;
			buildSettings = {
				ASSETCATALOG_COMPILER_APPICON_NAME = AppIcon;
				ASSETCATALOG_COMPILER_GLOBAL_ACCENT_COLOR_NAME = AccentColor;
				CODE_SIGN_STYLE = Automatic;
				DEVELOPMENT_ASSET_PATHS = "\"Drawing/Preview Content\"";
				DEVELOPMENT_TEAM = B93L9ZRH53;
				ENABLE_PREVIEWS = YES;
				INFOPLIST_FILE = Drawing/Info.plist;
				IPHONEOS_DEPLOYMENT_TARGET = 14.0;
				LD_RUNPATH_SEARCH_PATHS = (
					"$(inherited)",
					"@executable_path/Frameworks",
				);
				PRODUCT_BUNDLE_IDENTIFIER = marcgrossman.Drawing;
				PRODUCT_NAME = "$(TARGET_NAME)";
				SWIFT_VERSION = 5.0;
				TARGETED_DEVICE_FAMILY = "1,2";
			};
			name = Release;
		};
		492841F126F69BC4001482D4 /* Debug */ = {
			isa = XCBuildConfiguration;
			buildSettings = {
				ALWAYS_EMBED_SWIFT_STANDARD_LIBRARIES = YES;
				BUNDLE_LOADER = "$(TEST_HOST)";
				CODE_SIGN_STYLE = Automatic;
				DEVELOPMENT_TEAM = B93L9ZRH53;
				INFOPLIST_FILE = DrawingTests/Info.plist;
				IPHONEOS_DEPLOYMENT_TARGET = 14.0;
				LD_RUNPATH_SEARCH_PATHS = (
					"$(inherited)",
					"@executable_path/Frameworks",
					"@loader_path/Frameworks",
				);
				PRODUCT_BUNDLE_IDENTIFIER = marcgrossman.DrawingTests;
				PRODUCT_NAME = "$(TARGET_NAME)";
				SWIFT_VERSION = 5.0;
				TARGETED_DEVICE_FAMILY = "1,2";
				TEST_HOST = "$(BUILT_PRODUCTS_DIR)/Drawing.app/Drawing";
			};
			name = Debug;
		};
		492841F226F69BC4001482D4 /* Release */ = {
			isa = XCBuildConfiguration;
			buildSettings = {
				ALWAYS_EMBED_SWIFT_STANDARD_LIBRARIES = YES;
				BUNDLE_LOADER = "$(TEST_HOST)";
				CODE_SIGN_STYLE = Automatic;
				DEVELOPMENT_TEAM = B93L9ZRH53;
				INFOPLIST_FILE = DrawingTests/Info.plist;
				IPHONEOS_DEPLOYMENT_TARGET = 14.0;
				LD_RUNPATH_SEARCH_PATHS = (
					"$(inherited)",
					"@executable_path/Frameworks",
					"@loader_path/Frameworks",
				);
				PRODUCT_BUNDLE_IDENTIFIER = marcgrossman.DrawingTests;
				PRODUCT_NAME = "$(TARGET_NAME)";
				SWIFT_VERSION = 5.0;
				TARGETED_DEVICE_FAMILY = "1,2";
				TEST_HOST = "$(BUILT_PRODUCTS_DIR)/Drawing.app/Drawing";
			};
			name = Release;
		};
		492841F426F69BC4001482D4 /* Debug */ = {
			isa = XCBuildConfiguration;
			buildSettings = {
				ALWAYS_EMBED_SWIFT_STANDARD_LIBRARIES = YES;
				CODE_SIGN_STYLE = Automatic;
				DEVELOPMENT_TEAM = B93L9ZRH53;
				INFOPLIST_FILE = DrawingUITests/Info.plist;
				LD_RUNPATH_SEARCH_PATHS = (
					"$(inherited)",
					"@executable_path/Frameworks",
					"@loader_path/Frameworks",
				);
				PRODUCT_BUNDLE_IDENTIFIER = marcgrossman.DrawingUITests;
				PRODUCT_NAME = "$(TARGET_NAME)";
				SWIFT_VERSION = 5.0;
				TARGETED_DEVICE_FAMILY = "1,2";
				TEST_TARGET_NAME = Drawing;
			};
			name = Debug;
		};
		492841F526F69BC4001482D4 /* Release */ = {
			isa = XCBuildConfiguration;
			buildSettings = {
				ALWAYS_EMBED_SWIFT_STANDARD_LIBRARIES = YES;
				CODE_SIGN_STYLE = Automatic;
				DEVELOPMENT_TEAM = B93L9ZRH53;
				INFOPLIST_FILE = DrawingUITests/Info.plist;
				LD_RUNPATH_SEARCH_PATHS = (
					"$(inherited)",
					"@executable_path/Frameworks",
					"@loader_path/Frameworks",
				);
				PRODUCT_BUNDLE_IDENTIFIER = marcgrossman.DrawingUITests;
				PRODUCT_NAME = "$(TARGET_NAME)";
				SWIFT_VERSION = 5.0;
				TARGETED_DEVICE_FAMILY = "1,2";
				TEST_TARGET_NAME = Drawing;
			};
			name = Release;
		};
/* End XCBuildConfiguration section */

/* Begin XCConfigurationList section */
		492841C326F69BC1001482D4 /* Build configuration list for PBXProject "Drawing" */ = {
			isa = XCConfigurationList;
			buildConfigurations = (
				492841EB26F69BC4001482D4 /* Debug */,
				492841EC26F69BC4001482D4 /* Release */,
			);
			defaultConfigurationIsVisible = 0;
			defaultConfigurationName = Release;
		};
		492841ED26F69BC4001482D4 /* Build configuration list for PBXNativeTarget "Drawing" */ = {
			isa = XCConfigurationList;
			buildConfigurations = (
				492841EE26F69BC4001482D4 /* Debug */,
				492841EF26F69BC4001482D4 /* Release */,
			);
			defaultConfigurationIsVisible = 0;
			defaultConfigurationName = Release;
		};
		492841F026F69BC4001482D4 /* Build configuration list for PBXNativeTarget "DrawingTests" */ = {
			isa = XCConfigurationList;
			buildConfigurations = (
				492841F126F69BC4001482D4 /* Debug */,
				492841F226F69BC4001482D4 /* Release */,
			);
			defaultConfigurationIsVisible = 0;
			defaultConfigurationName = Release;
		};
		492841F326F69BC4001482D4 /* Build configuration list for PBXNativeTarget "DrawingUITests" */ = {
			isa = XCConfigurationList;
			buildConfigurations = (
				492841F426F69BC4001482D4 /* Debug */,
				492841F526F69BC4001482D4 /* Release */,
			);
			defaultConfigurationIsVisible = 0;
			defaultConfigurationName = Release;
		};
/* End XCConfigurationList section */
	};
	rootObject = 492841C026F69BC1001482D4 /* Project object */;
}
